{
  "api-gemini3flash-lite-v1": "e37aaa416750c494c35851531bc04de026f9ae6764382bc499f267f2dad9c1da",
  "api-gpt5-v1": "81482874039ad812229e490460a917bddce9f4107758576be8914331d318fd4c",
  "api-gemini3flash-v1": "f41994d51d33c35583008606263c12a20ec2f1b8814694787f81645c730c6578",
  "api-gpt41mini-v1": "2d7127751173337c405be23a99219db2179024c3447ff6f05b0de3cfdd741e96",
  "api-claude-sonnet-v1": "5f01005dcfe4c95ee52b5f47958b4943134cc97da487b222dd4f936d474f70f8",
  "api-claude-haiku-v1": "a83a4e7f43a595763fefdde31b9fae262b75130f623d17ed516c6cd18529c1a0"
}
